// !$*UTF8*$!
{
	archiveVersion = 1;
	classes = {
	};
	objectVersion = 46;
	objects = {

/* Begin PBXBuildFile section */
		18517BAE1EEBA11000B148C8 /* NSObject+XYHUD.m in Sources */ = {isa = PBXBuildFile; fileRef = 18517BAB1EEBA11000B148C8 /* NSObject+XYHUD.m */; };
		18517BAF1EEBA11000B148C8 /* UIViewController+XYHUD.m in Sources */ = {isa = PBXBuildFile; fileRef = 18517BAD1EEBA11000B148C8 /* UIViewController+XYHUD.m */; };
		18517BB21EEBA2CB00B148C8 /* MBProgressHUD.m in Sources */ = {isa = PBXBuildFile; fileRef = 18517BB11EEBA2CB00B148C8 /* MBProgressHUD.m */; };
		18517BB81EEBA2EF00B148C8 /* AFNetworkReachabilityManager.m in Sources */ = {isa = PBXBuildFile; fileRef = 18517BB51EEBA2EF00B148C8 /* AFNetworkReachabilityManager.m */; };
		18517BB91EEBA2EF00B148C8 /* NetworkTypeUtils.m in Sources */ = {isa = PBXBuildFile; fileRef = 18517BB71EEBA2EF00B148C8 /* NetworkTypeUtils.m */; };
		186EEBFF1EE706E3005A8C03 /* SampleHomeViewController.m in Sources */ = {isa = PBXBuildFile; fileRef = 186EEBFD1EE706E3005A8C03 /* SampleHomeViewController.m */; };
		186EEC001EE706E3005A8C03 /* SampleHomeViewController.xib in Resources */ = {isa = PBXBuildFile; fileRef = 186EEBFE1EE706E3005A8C03 /* SampleHomeViewController.xib */; };
		18FEBB5E1EE3B51300494A71 /* main.m in Sources */ = {isa = PBXBuildFile; fileRef = 18FEBB5D1EE3B51300494A71 /* main.m */; };
		18FEBB691EE3B51300494A71 /* Assets.xcassets in Resources */ = {isa = PBXBuildFile; fileRef = 18FEBB681EE3B51300494A71 /* Assets.xcassets */; };
		18FEBB6C1EE3B51300494A71 /* LaunchScreen.storyboard in Resources */ = {isa = PBXBuildFile; fileRef = 18FEBB6A1EE3B51300494A71 /* LaunchScreen.storyboard */; };
		18FEBB791EE3B58C00494A71 /* AppDelegate.m in Sources */ = {isa = PBXBuildFile; fileRef = 18FEBB761EE3B58C00494A71 /* AppDelegate.m */; };
		18FEBB7D1EE3B93B00494A71 /* OSDownloaderManager.m in Sources */ = {isa = PBXBuildFile; fileRef = 18FEBB7C1EE3B93B00494A71 /* OSDownloaderManager.m */; };
		18FEBB811EE3CDA600494A71 /* OSDownloadProgress.m in Sources */ = {isa = PBXBuildFile; fileRef = 18FEBB801EE3CDA600494A71 /* OSDownloadProgress.m */; };
		18FEBB841EE3DC8F00494A71 /* OSDownloadItem.m in Sources */ = {isa = PBXBuildFile; fileRef = 18FEBB831EE3DC8F00494A71 /* OSDownloadItem.m */; };
		18FEBB871EE45CD700494A71 /* SampleDownloadController.m in Sources */ = {isa = PBXBuildFile; fileRef = 18FEBB861EE45CD700494A71 /* SampleDownloadController.m */; };
		18FEBB8A1EE45DBE00494A71 /* SampleDownloadModule.m in Sources */ = {isa = PBXBuildFile; fileRef = 18FEBB891EE45DBE00494A71 /* SampleDownloadModule.m */; };
		18FEBB8D1EE466F000494A71 /* SampleDownloadItem.m in Sources */ = {isa = PBXBuildFile; fileRef = 18FEBB8C1EE466F000494A71 /* SampleDownloadItem.m */; };
		18FEBB911EE5B51500494A71 /* SampleDownloadCell.m in Sources */ = {isa = PBXBuildFile; fileRef = 18FEBB8F1EE5B51500494A71 /* SampleDownloadCell.m */; };
		18FEBB921EE5B51500494A71 /* SampleDownloadCell.xib in Resources */ = {isa = PBXBuildFile; fileRef = 18FEBB901EE5B51500494A71 /* SampleDownloadCell.xib */; };
/* End PBXBuildFile section */

/* Begin PBXFileReference section */
		18517BAA1EEBA11000B148C8 /* NSObject+XYHUD.h */ = {isa = PBXFileReference; fileEncoding = 4; lastKnownFileType = sourcecode.c.h; path = "NSObject+XYHUD.h"; sourceTree = "<group>"; };
		18517BAB1EEBA11000B148C8 /* NSObject+XYHUD.m */ = {isa = PBXFileReference; fileEncoding = 4; lastKnownFileType = sourcecode.c.objc; path = "NSObject+XYHUD.m"; sourceTree = "<group>"; };
		18517BAC1EEBA11000B148C8 /* UIViewController+XYHUD.h */ = {isa = PBXFileReference; fileEncoding = 4; lastKnownFileType = sourcecode.c.h; path = "UIViewController+XYHUD.h"; sourceTree = "<group>"; };
		18517BAD1EEBA11000B148C8 /* UIViewController+XYHUD.m */ = {isa = PBXFileReference; fileEncoding = 4; lastKnownFileType = sourcecode.c.objc; path = "UIViewController+XYHUD.m"; sourceTree = "<group>"; };
		18517BB01EEBA2CB00B148C8 /* MBProgressHUD.h */ = {isa = PBXFileReference; fileEncoding = 4; lastKnownFileType = sourcecode.c.h; path = MBProgressHUD.h; sourceTree = "<group>"; };
		18517BB11EEBA2CB00B148C8 /* MBProgressHUD.m */ = {isa = PBXFileReference; fileEncoding = 4; lastKnownFileType = sourcecode.c.objc; path = MBProgressHUD.m; sourceTree = "<group>"; };
		18517BB41EEBA2EF00B148C8 /* AFNetworkReachabilityManager.h */ = {isa = PBXFileReference; fileEncoding = 4; lastKnownFileType = sourcecode.c.h; path = AFNetworkReachabilityManager.h; sourceTree = "<group>"; };
		18517BB51EEBA2EF00B148C8 /* AFNetworkReachabilityManager.m */ = {isa = PBXFileReference; fileEncoding = 4; lastKnownFileType = sourcecode.c.objc; path = AFNetworkReachabilityManager.m; sourceTree = "<group>"; };
		18517BB61EEBA2EF00B148C8 /* NetworkTypeUtils.h */ = {isa = PBXFileReference; fileEncoding = 4; lastKnownFileType = sourcecode.c.h; path = NetworkTypeUtils.h; sourceTree = "<group>"; };
		18517BB71EEBA2EF00B148C8 /* NetworkTypeUtils.m */ = {isa = PBXFileReference; fileEncoding = 4; lastKnownFileType = sourcecode.c.objc; path = NetworkTypeUtils.m; sourceTree = "<group>"; };
		186EEBFC1EE706E3005A8C03 /* SampleHomeViewController.h */ = {isa = PBXFileReference; fileEncoding = 4; lastKnownFileType = sourcecode.c.h; path = SampleHomeViewController.h; sourceTree = "<group>"; };
		186EEBFD1EE706E3005A8C03 /* SampleHomeViewController.m */ = {isa = PBXFileReference; fileEncoding = 4; lastKnownFileType = sourcecode.c.objc; path = SampleHomeViewController.m; sourceTree = "<group>"; };
		186EEBFE1EE706E3005A8C03 /* SampleHomeViewController.xib */ = {isa = PBXFileReference; fileEncoding = 4; lastKnownFileType = file.xib; path = SampleHomeViewController.xib; sourceTree = "<group>"; };
		18FEBB591EE3B51300494A71 /* DownloaderManager.app */ = {isa = PBXFileReference; explicitFileType = wrapper.application; includeInIndex = 0; path = DownloaderManager.app; sourceTree = BUILT_PRODUCTS_DIR; };
		18FEBB5D1EE3B51300494A71 /* main.m */ = {isa = PBXFileReference; lastKnownFileType = sourcecode.c.objc; path = main.m; sourceTree = "<group>"; };
		18FEBB681EE3B51300494A71 /* Assets.xcassets */ = {isa = PBXFileReference; lastKnownFileType = folder.assetcatalog; path = Assets.xcassets; sourceTree = "<group>"; };
		18FEBB6B1EE3B51300494A71 /* Base */ = {isa = PBXFileReference; lastKnownFileType = file.storyboard; name = Base; path = Base.lproj/LaunchScreen.storyboard; sourceTree = "<group>"; };
		18FEBB6D1EE3B51300494A71 /* Info.plist */ = {isa = PBXFileReference; lastKnownFileType = text.plist.xml; path = Info.plist; sourceTree = "<group>"; };
		18FEBB751EE3B58C00494A71 /* AppDelegate.h */ = {isa = PBXFileReference; fileEncoding = 4; lastKnownFileType = sourcecode.c.h; path = AppDelegate.h; sourceTree = "<group>"; };
		18FEBB761EE3B58C00494A71 /* AppDelegate.m */ = {isa = PBXFileReference; fileEncoding = 4; lastKnownFileType = sourcecode.c.objc; path = AppDelegate.m; sourceTree = "<group>"; };
		18FEBB7B1EE3B93B00494A71 /* OSDownloaderManager.h */ = {isa = PBXFileReference; fileEncoding = 4; lastKnownFileType = sourcecode.c.h; path = OSDownloaderManager.h; sourceTree = "<group>"; };
		18FEBB7C1EE3B93B00494A71 /* OSDownloaderManager.m */ = {isa = PBXFileReference; fileEncoding = 4; lastKnownFileType = sourcecode.c.objc; path = OSDownloaderManager.m; sourceTree = "<group>"; };
		18FEBB7E1EE3B9C200494A71 /* OSDownloadProtocol.h */ = {isa = PBXFileReference; fileEncoding = 4; lastKnownFileType = sourcecode.c.h; path = OSDownloadProtocol.h; sourceTree = "<group>"; };
		18FEBB7F1EE3CDA600494A71 /* OSDownloadProgress.h */ = {isa = PBXFileReference; fileEncoding = 4; lastKnownFileType = sourcecode.c.h; path = OSDownloadProgress.h; sourceTree = "<group>"; };
		18FEBB801EE3CDA600494A71 /* OSDownloadProgress.m */ = {isa = PBXFileReference; fileEncoding = 4; lastKnownFileType = sourcecode.c.objc; path = OSDownloadProgress.m; sourceTree = "<group>"; };
		18FEBB821EE3DC8F00494A71 /* OSDownloadItem.h */ = {isa = PBXFileReference; fileEncoding = 4; lastKnownFileType = sourcecode.c.h; path = OSDownloadItem.h; sourceTree = "<group>"; };
		18FEBB831EE3DC8F00494A71 /* OSDownloadItem.m */ = {isa = PBXFileReference; fileEncoding = 4; lastKnownFileType = sourcecode.c.objc; path = OSDownloadItem.m; sourceTree = "<group>"; };
		18FEBB851EE45CD700494A71 /* SampleDownloadController.h */ = {isa = PBXFileReference; fileEncoding = 4; lastKnownFileType = sourcecode.c.h; path = SampleDownloadController.h; sourceTree = "<group>"; };
		18FEBB861EE45CD700494A71 /* SampleDownloadController.m */ = {isa = PBXFileReference; fileEncoding = 4; lastKnownFileType = sourcecode.c.objc; path = SampleDownloadController.m; sourceTree = "<group>"; };
		18FEBB881EE45DBE00494A71 /* SampleDownloadModule.h */ = {isa = PBXFileReference; fileEncoding = 4; lastKnownFileType = sourcecode.c.h; path = SampleDownloadModule.h; sourceTree = "<group>"; };
		18FEBB891EE45DBE00494A71 /* SampleDownloadModule.m */ = {isa = PBXFileReference; fileEncoding = 4; lastKnownFileType = sourcecode.c.objc; path = SampleDownloadModule.m; sourceTree = "<group>"; };
		18FEBB8B1EE466F000494A71 /* SampleDownloadItem.h */ = {isa = PBXFileReference; fileEncoding = 4; lastKnownFileType = sourcecode.c.h; path = SampleDownloadItem.h; sourceTree = "<group>"; };
		18FEBB8C1EE466F000494A71 /* SampleDownloadItem.m */ = {isa = PBXFileReference; fileEncoding = 4; lastKnownFileType = sourcecode.c.objc; path = SampleDownloadItem.m; sourceTree = "<group>"; };
		18FEBB8E1EE5B51500494A71 /* SampleDownloadCell.h */ = {isa = PBXFileReference; fileEncoding = 4; lastKnownFileType = sourcecode.c.h; path = SampleDownloadCell.h; sourceTree = "<group>"; };
		18FEBB8F1EE5B51500494A71 /* SampleDownloadCell.m */ = {isa = PBXFileReference; fileEncoding = 4; lastKnownFileType = sourcecode.c.objc; path = SampleDownloadCell.m; sourceTree = "<group>"; };
		18FEBB901EE5B51500494A71 /* SampleDownloadCell.xib */ = {isa = PBXFileReference; fileEncoding = 4; lastKnownFileType = file.xib; path = SampleDownloadCell.xib; sourceTree = "<group>"; };
/* End PBXFileReference section */

/* Begin PBXFrameworksBuildPhase section */
		18FEBB561EE3B51300494A71 /* Frameworks */ = {
			isa = PBXFrameworksBuildPhase;
			buildActionMask = 2147483647;
			files = (
			);
			runOnlyForDeploymentPostprocessing = 0;
		};
/* End PBXFrameworksBuildPhase section */

/* Begin PBXGroup section */
		18517B9F1EEB787900B148C8 /* Utils */ = {
			isa = PBXGroup;
			children = (
				18517BB31EEBA2EF00B148C8 /* Network */,
				18517BA91EEBA11000B148C8 /* HUD */,
			);
			path = Utils;
			sourceTree = "<group>";
		};
		18517BA91EEBA11000B148C8 /* HUD */ = {
			isa = PBXGroup;
			children = (
				18517BB01EEBA2CB00B148C8 /* MBProgressHUD.h */,
				18517BB11EEBA2CB00B148C8 /* MBProgressHUD.m */,
				18517BAA1EEBA11000B148C8 /* NSObject+XYHUD.h */,
				18517BAB1EEBA11000B148C8 /* NSObject+XYHUD.m */,
				18517BAC1EEBA11000B148C8 /* UIViewController+XYHUD.h */,
				18517BAD1EEBA11000B148C8 /* UIViewController+XYHUD.m */,
			);
			path = HUD;
			sourceTree = "<group>";
		};
		18517BB31EEBA2EF00B148C8 /* Network */ = {
			isa = PBXGroup;
			children = (
				18517BB41EEBA2EF00B148C8 /* AFNetworkReachabilityManager.h */,
				18517BB51EEBA2EF00B148C8 /* AFNetworkReachabilityManager.m */,
				18517BB61EEBA2EF00B148C8 /* NetworkTypeUtils.h */,
				18517BB71EEBA2EF00B148C8 /* NetworkTypeUtils.m */,
			);
			path = Network;
			sourceTree = "<group>";
		};
		18FEBB501EE3B51300494A71 = {
			isa = PBXGroup;
			children = (
				18FEBB5B1EE3B51300494A71 /* DownloaderManager */,
				18FEBB5A1EE3B51300494A71 /* Products */,
			);
			sourceTree = "<group>";
		};
		18FEBB5A1EE3B51300494A71 /* Products */ = {
			isa = PBXGroup;
			children = (
				18FEBB591EE3B51300494A71 /* DownloaderManager.app */,
			);
			name = Products;
			sourceTree = "<group>";
		};
		18FEBB5B1EE3B51300494A71 /* DownloaderManager */ = {
			isa = PBXGroup;
			children = (
				18FEBB731EE3B58C00494A71 /* Downloader */,
				18FEBB741EE3B58C00494A71 /* Sample */,
				18FEBB5C1EE3B51300494A71 /* Supporting Files */,
			);
			path = DownloaderManager;
			sourceTree = "<group>";
		};
		18FEBB5C1EE3B51300494A71 /* Supporting Files */ = {
			isa = PBXGroup;
			children = (
				18FEBB681EE3B51300494A71 /* Assets.xcassets */,
				18FEBB6A1EE3B51300494A71 /* LaunchScreen.storyboard */,
				18FEBB6D1EE3B51300494A71 /* Info.plist */,
				18FEBB5D1EE3B51300494A71 /* main.m */,
			);
			name = "Supporting Files";
			sourceTree = "<group>";
		};
		18FEBB731EE3B58C00494A71 /* Downloader */ = {
			isa = PBXGroup;
			children = (
				18FEBB7B1EE3B93B00494A71 /* OSDownloaderManager.h */,
				18FEBB7C1EE3B93B00494A71 /* OSDownloaderManager.m */,
				18FEBB7E1EE3B9C200494A71 /* OSDownloadProtocol.h */,
				18FEBB7F1EE3CDA600494A71 /* OSDownloadProgress.h */,
				18FEBB801EE3CDA600494A71 /* OSDownloadProgress.m */,
				18FEBB821EE3DC8F00494A71 /* OSDownloadItem.h */,
				18FEBB831EE3DC8F00494A71 /* OSDownloadItem.m */,
			);
			path = Downloader;
			sourceTree = "<group>";
		};
		18FEBB741EE3B58C00494A71 /* Sample */ = {
			isa = PBXGroup;
			children = (
				18517B9F1EEB787900B148C8 /* Utils */,
				18FEBB751EE3B58C00494A71 /* AppDelegate.h */,
				18FEBB761EE3B58C00494A71 /* AppDelegate.m */,
				18FEBB851EE45CD700494A71 /* SampleDownloadController.h */,
				18FEBB861EE45CD700494A71 /* SampleDownloadController.m */,
				186EEBFC1EE706E3005A8C03 /* SampleHomeViewController.h */,
				186EEBFD1EE706E3005A8C03 /* SampleHomeViewController.m */,
				186EEBFE1EE706E3005A8C03 /* SampleHomeViewController.xib */,
				18FEBB881EE45DBE00494A71 /* SampleDownloadModule.h */,
				18FEBB891EE45DBE00494A71 /* SampleDownloadModule.m */,
				18FEBB8B1EE466F000494A71 /* SampleDownloadItem.h */,
				18FEBB8C1EE466F000494A71 /* SampleDownloadItem.m */,
				18FEBB8E1EE5B51500494A71 /* SampleDownloadCell.h */,
				18FEBB8F1EE5B51500494A71 /* SampleDownloadCell.m */,
				18FEBB901EE5B51500494A71 /* SampleDownloadCell.xib */,
			);
			path = Sample;
			sourceTree = "<group>";
		};
/* End PBXGroup section */

/* Begin PBXNativeTarget section */
		18FEBB581EE3B51300494A71 /* DownloaderManager */ = {
			isa = PBXNativeTarget;
			buildConfigurationList = 18FEBB701EE3B51300494A71 /* Build configuration list for PBXNativeTarget "DownloaderManager" */;
			buildPhases = (
				18FEBB551EE3B51300494A71 /* Sources */,
				18FEBB561EE3B51300494A71 /* Frameworks */,
				18FEBB571EE3B51300494A71 /* Resources */,
			);
			buildRules = (
			);
			dependencies = (
			);
			name = DownloaderManager;
			productName = DownloaderManager;
			productReference = 18FEBB591EE3B51300494A71 /* DownloaderManager.app */;
			productType = "com.apple.product-type.application";
		};
/* End PBXNativeTarget section */

/* Begin PBXProject section */
		18FEBB511EE3B51300494A71 /* Project object */ = {
			isa = PBXProject;
			attributes = {
				LastUpgradeCheck = 0830;
				ORGANIZATIONNAME = Ossey;
				TargetAttributes = {
					18FEBB581EE3B51300494A71 = {
						CreatedOnToolsVersion = 8.3.1;
						DevelopmentTeam = NKW67GFDHM;
						ProvisioningStyle = Automatic;
					};
				};
			};
			buildConfigurationList = 18FEBB541EE3B51300494A71 /* Build configuration list for PBXProject "DownloaderManager" */;
			compatibilityVersion = "Xcode 3.2";
			developmentRegion = English;
			hasScannedForEncodings = 0;
			knownRegions = (
				en,
				Base,
			);
			mainGroup = 18FEBB501EE3B51300494A71;
			productRefGroup = 18FEBB5A1EE3B51300494A71 /* Products */;
			projectDirPath = "";
			projectRoot = "";
			targets = (
				18FEBB581EE3B51300494A71 /* DownloaderManager */,
			);
		};
/* End PBXProject section */

/* Begin PBXResourcesBuildPhase section */
		18FEBB571EE3B51300494A71 /* Resources */ = {
			isa = PBXResourcesBuildPhase;
			buildActionMask = 2147483647;
			files = (
				18FEBB6C1EE3B51300494A71 /* LaunchScreen.storyboard in Resources */,
				18FEBB691EE3B51300494A71 /* Assets.xcassets in Resources */,
				18FEBB921EE5B51500494A71 /* SampleDownloadCell.xib in Resources */,
				186EEC001EE706E3005A8C03 /* SampleHomeViewController.xib in Resources */,
			);
			runOnlyForDeploymentPostprocessing = 0;
		};
/* End PBXResourcesBuildPhase section */

/* Begin PBXSourcesBuildPhase section */
		18FEBB551EE3B51300494A71 /* Sources */ = {
			isa = PBXSourcesBuildPhase;
			buildActionMask = 2147483647;
			files = (
				18FEBB811EE3CDA600494A71 /* OSDownloadProgress.m in Sources */,
				18FEBB7D1EE3B93B00494A71 /* OSDownloaderManager.m in Sources */,
				18517BB91EEBA2EF00B148C8 /* NetworkTypeUtils.m in Sources */,
				18FEBB841EE3DC8F00494A71 /* OSDownloadItem.m in Sources */,
				18FEBB791EE3B58C00494A71 /* AppDelegate.m in Sources */,
				18FEBB5E1EE3B51300494A71 /* main.m in Sources */,
				18FEBB871EE45CD700494A71 /* SampleDownloadController.m in Sources */,
				18517BB21EEBA2CB00B148C8 /* MBProgressHUD.m in Sources */,
				18517BAF1EEBA11000B148C8 /* UIViewController+XYHUD.m in Sources */,
				18FEBB8D1EE466F000494A71 /* SampleDownloadItem.m in Sources */,
				18517BAE1EEBA11000B148C8 /* NSObject+XYHUD.m in Sources */,
				18517BB81EEBA2EF00B148C8 /* AFNetworkReachabilityManager.m in Sources */,
				186EEBFF1EE706E3005A8C03 /* SampleHomeViewController.m in Sources */,
				18FEBB8A1EE45DBE00494A71 /* SampleDownloadModule.m in Sources */,
				18FEBB911EE5B51500494A71 /* SampleDownloadCell.m in Sources */,
			);
			runOnlyForDeploymentPostprocessing = 0;
		};
/* End PBXSourcesBuildPhase section */

/* Begin PBXVariantGroup section */
		18FEBB6A1EE3B51300494A71 /* LaunchScreen.storyboard */ = {
			isa = PBXVariantGroup;
			children = (
				18FEBB6B1EE3B51300494A71 /* Base */,
			);
			name = LaunchScreen.storyboard;
			sourceTree = "<group>";
		};
/* End PBXVariantGroup section */

/* Begin XCBuildConfiguration section */
		18FEBB6E1EE3B51300494A71 /* Debug */ = {
			isa = XCBuildConfiguration;
			buildSettings = {
				ALWAYS_SEARCH_USER_PATHS = NO;
				CLANG_ANALYZER_NONNULL = YES;
				CLANG_ANALYZER_NUMBER_OBJECT_CONVERSION = YES_AGGRESSIVE;
				CLANG_CXX_LANGUAGE_STANDARD = "gnu++0x";
				CLANG_CXX_LIBRARY = "libc++";
				CLANG_ENABLE_MODULES = YES;
				CLANG_ENABLE_OBJC_ARC = YES;
				CLANG_WARN_BOOL_CONVERSION = YES;
				CLANG_WARN_CONSTANT_CONVERSION = YES;
				CLANG_WARN_DIRECT_OBJC_ISA_USAGE = YES_ERROR;
				CLANG_WARN_DOCUMENTATION_COMMENTS = YES;
				CLANG_WARN_EMPTY_BODY = YES;
				CLANG_WARN_ENUM_CONVERSION = YES;
				CLANG_WARN_INFINITE_RECURSION = YES;
				CLANG_WARN_INT_CONVERSION = YES;
				CLANG_WARN_OBJC_ROOT_CLASS = YES_ERROR;
				CLANG_WARN_SUSPICIOUS_MOVE = YES;
				CLANG_WARN_UNREACHABLE_CODE = YES;
				CLANG_WARN__DUPLICATE_METHOD_MATCH = YES;
				"CODE_SIGN_IDENTITY[sdk=iphoneos*]" = "iPhone Developer";
				COPY_PHASE_STRIP = NO;
				DEBUG_INFORMATION_FORMAT = dwarf;
				ENABLE_STRICT_OBJC_MSGSEND = YES;
				ENABLE_TESTABILITY = YES;
				GCC_C_LANGUAGE_STANDARD = gnu99;
				GCC_DYNAMIC_NO_PIC = NO;
				GCC_NO_COMMON_BLOCKS = YES;
				GCC_OPTIMIZATION_LEVEL = 0;
				GCC_PREPROCESSOR_DEFINITIONS = (
					"DEBUG=1",
					"$(inherited)",
				);
				GCC_WARN_64_TO_32_BIT_CONVERSION = YES;
				GCC_WARN_ABOUT_RETURN_TYPE = YES_ERROR;
				GCC_WARN_UNDECLARED_SELECTOR = YES;
				GCC_WARN_UNINITIALIZED_AUTOS = YES_AGGRESSIVE;
				GCC_WARN_UNUSED_FUNCTION = YES;
				GCC_WARN_UNUSED_VARIABLE = YES;
				IPHONEOS_DEPLOYMENT_TARGET = 10.3;
				MTL_ENABLE_DEBUG_INFO = YES;
				ONLY_ACTIVE_ARCH = YES;
				SDKROOT = iphoneos;
			};
			name = Debug;
		};
		18FEBB6F1EE3B51300494A71 /* Release */ = {
			isa = XCBuildConfiguration;
			buildSettings = {
				ALWAYS_SEARCH_USER_PATHS = NO;
				CLANG_ANALYZER_NONNULL = YES;
				CLANG_ANALYZER_NUMBER_OBJECT_CONVERSION = YES_AGGRESSIVE;
				CLANG_CXX_LANGUAGE_STANDARD = "gnu++0x";
				CLANG_CXX_LIBRARY = "libc++";
				CLANG_ENABLE_MODULES = YES;
				CLANG_ENABLE_OBJC_ARC = YES;
				CLANG_WARN_BOOL_CONVERSION = YES;
				CLANG_WARN_CONSTANT_CONVERSION = YES;
				CLANG_WARN_DIRECT_OBJC_ISA_USAGE = YES_ERROR;
				CLANG_WARN_DOCUMENTATION_COMMENTS = YES;
				CLANG_WARN_EMPTY_BODY = YES;
				CLANG_WARN_ENUM_CONVERSION = YES;
				CLANG_WARN_INFINITE_RECURSION = YES;
				CLANG_WARN_INT_CONVERSION = YES;
				CLANG_WARN_OBJC_ROOT_CLASS = YES_ERROR;
				CLANG_WARN_SUSPICIOUS_MOVE = YES;
				CLANG_WARN_UNREACHABLE_CODE = YES;
				CLANG_WARN__DUPLICATE_METHOD_MATCH = YES;
				"CODE_SIGN_IDENTITY[sdk=iphoneos*]" = "iPhone Developer";
				COPY_PHASE_STRIP = NO;
				DEBUG_INFORMATION_FORMAT = "dwarf-with-dsym";
				ENABLE_NS_ASSERTIONS = NO;
				ENABLE_STRICT_OBJC_MSGSEND = YES;
				GCC_C_LANGUAGE_STANDARD = gnu99;
				GCC_NO_COMMON_BLOCKS = YES;
				GCC_WARN_64_TO_32_BIT_CONVERSION = YES;
				GCC_WARN_ABOUT_RETURN_TYPE = YES_ERROR;
				GCC_WARN_UNDECLARED_SELECTOR = YES;
				GCC_WARN_UNINITIALIZED_AUTOS = YES_AGGRESSIVE;
				GCC_WARN_UNUSED_FUNCTION = YES;
				GCC_WARN_UNUSED_VARIABLE = YES;
				IPHONEOS_DEPLOYMENT_TARGET = 10.3;
				MTL_ENABLE_DEBUG_INFO = NO;
				SDKROOT = iphoneos;
				VALIDATE_PRODUCT = YES;
			};
			name = Release;
		};
		18FEBB711EE3B51300494A71 /* Debug */ = {
			isa = XCBuildConfiguration;
			buildSettings = {
				ASSETCATALOG_COMPILER_APPICON_NAME = AppIcon;
				DEVELOPMENT_TEAM = NKW67GFDHM;
				INFOPLIST_FILE = DownloaderManager/Info.plist;
				IPHONEOS_DEPLOYMENT_TARGET = 8.0;
				LD_RUNPATH_SEARCH_PATHS = "$(inherited) @executable_path/Frameworks";
				PRODUCT_BUNDLE_IDENTIFIER = com.sey.Downloader;
				PRODUCT_NAME = "$(TARGET_NAME)";
			};
			name = Debug;
		};
		18FEBB721EE3B51300494A71 /* Release */ = {
			isa = XCBuildConfiguration;
			buildSettings = {
				ASSETCATALOG_COMPILER_APPICON_NAME = AppIcon;
				DEVELOPMENT_TEAM = NKW67GFDHM;
				INFOPLIST_FILE = DownloaderManager/Info.plist;
				IPHONEOS_DEPLOYMENT_TARGET = 8.0;
				LD_RUNPATH_SEARCH_PATHS = "$(inherited) @executable_path/Frameworks";
				PRODUCT_BUNDLE_IDENTIFIER = com.sey.Downloader;
				PRODUCT_NAME = "$(TARGET_NAME)";
			};
			name = Release;
		};
/* End XCBuildConfiguration section */

/* Begin XCConfigurationList section */
		18FEBB541EE3B51300494A71 /* Build configuration list for PBXProject "DownloaderManager" */ = {
			isa = XCConfigurationList;
			buildConfigurations = (
				18FEBB6E1EE3B51300494A71 /* Debug */,
				18FEBB6F1EE3B51300494A71 /* Release */,
			);
			defaultConfigurationIsVisible = 0;
			defaultConfigurationName = Release;
		};
		18FEBB701EE3B51300494A71 /* Build configuration list for PBXNativeTarget "DownloaderManager" */ = {
			isa = XCConfigurationList;
			buildConfigurations = (
				18FEBB711EE3B51300494A71 /* Debug */,
				18FEBB721EE3B51300494A71 /* Release */,
			);
			defaultConfigurationIsVisible = 0;
			defaultConfigurationName = Release;
		};
/* End XCConfigurationList section */
	};
	rootObject = 18FEBB511EE3B51300494A71 /* Project object */;
}
